
Microsoft Visual Studio Solution File, Format Version 12.00
# Visual Studio Version 17
VisualStudioVersion = 17.4.33213.308
MinimumVisualStudioVersion = 10.0.40219.1
Project("{FAE04EC0-301F-11D3-BF4B-00C04F79EFBC}") = "SpringProject", "SpringProject\SpringProject.csproj", "{053D4265-14A6-4F33-A38B-611200C86E70}"
EndProject
Global
	GlobalSection(SolutionConfigurationPlatforms) = preSolution
		Debug|Any CPU = Debug|Any CPU
		Release|Any CPU = Release|Any CPU
	EndGlobalSection
	GlobalSection(ProjectConfigurationPlatforms) = postSolution
		{053D4265-14A6-4F33-A38B-611200C86E70}.Debug|Any CPU.ActiveCfg = Debug|Any CPU
		{053D4265-14A6-4F33-A38B-611200C86E70}.Debug|Any CPU.Build.0 = Debug|Any CPU
		{053D4265-14A6-4F33-A38B-611200C86E70}.Release|Any CPU.ActiveCfg = Release|Any CPU
		{053D4265-14A6-4F33-A38B-611200C86E70}.Release|Any CPU.Build.0 = Release|Any CPU
	EndGlobalSection
	GlobalSection(SolutionProperties) = preSolution
		HideSolutionNode = FALSE
	EndGlobalSection
	GlobalSection(ExtensibilityGlobals) = postSolution
		SolutionGuid = {260AB568-1FF5-4C3B-9DE0-667F9DDAAB59}
	EndGlobalSection
EndGlobal
